
Microsoft Visual Studio Solution File, Format Version 12.00
# Visual Studio Version 17
VisualStudioVersion = 17.6.33801.468
MinimumVisualStudioVersion = 10.0.40219.1
Project("{FAE04EC0-301F-11D3-BF4B-00C04F79EFBC}") = "BTL1", "BTL1.csproj", "{3589F13C-F8B6-4A7B-98A6-70429024F77F}"
EndProject
Global
	GlobalSection(SolutionConfigurationPlatforms) = preSolution
		Debug|Any CPU = Debug|Any CPU
		Release|Any CPU = Release|Any CPU
	EndGlobalSection
	GlobalSection(ProjectConfigurationPlatforms) = postSolution
		{3589F13C-F8B6-4A7B-98A6-70429024F77F}.Debug|Any CPU.ActiveCfg = Debug|Any CPU
		{3589F13C-F8B6-4A7B-98A6-70429024F77F}.Debug|Any CPU.Build.0 = Debug|Any CPU
		{3589F13C-F8B6-4A7B-98A6-70429024F77F}.Release|Any CPU.ActiveCfg = Release|Any CPU
		{3589F13C-F8B6-4A7B-98A6-70429024F77F}.Release|Any CPU.Build.0 = Release|Any CPU
	EndGlobalSection
	GlobalSection(SolutionProperties) = preSolution
		HideSolutionNode = FALSE
	EndGlobalSection
	GlobalSection(ExtensibilityGlobals) = postSolution
		SolutionGuid = {06514AE3-D8E0-411A-BD38-C2E18CDD9E26}
	EndGlobalSection
EndGlobal
